
Microsoft Visual Studio Solution File, Format Version 12.00
# Visual Studio 15
VisualStudioVersion = 15.0.28307.489
MinimumVisualStudioVersion = 10.0.40219.1
Project("{8BC9CEB8-8B4A-11D0-8D11-00A0C91BC942}") = "print04", "print04\print04.vcxproj", "{D081CE55-3785-4D20-914B-7CE4B050D9BF}"
EndProject
Global
	GlobalSection(SolutionConfigurationPlatforms) = preSolution
		Debug|x64 = Debug|x64
		Debug|x86 = Debug|x86
		Release|x64 = Release|x64
		Release|x86 = Release|x86
	EndGlobalSection
	GlobalSection(ProjectConfigurationPlatforms) = postSolution
		{D081CE55-3785-4D20-914B-7CE4B050D9BF}.Debug|x64.ActiveCfg = Debug|x64
		{D081CE55-3785-4D20-914B-7CE4B050D9BF}.Debug|x64.Build.0 = Debug|x64
		{D081CE55-3785-4D20-914B-7CE4B050D9BF}.Debug|x86.ActiveCfg = Debug|Win32
		{D081CE55-3785-4D20-914B-7CE4B050D9BF}.Debug|x86.Build.0 = Debug|Win32
		{D081CE55-3785-4D20-914B-7CE4B050D9BF}.Release|x64.ActiveCfg = Release|x64
		{D081CE55-3785-4D20-914B-7CE4B050D9BF}.Release|x64.Build.0 = Release|x64
		{D081CE55-3785-4D20-914B-7CE4B050D9BF}.Release|x86.ActiveCfg = Release|Win32
		{D081CE55-3785-4D20-914B-7CE4B050D9BF}.Release|x86.Build.0 = Release|Win32
	EndGlobalSection
	GlobalSection(SolutionProperties) = preSolution
		HideSolutionNode = FALSE
	EndGlobalSection
	GlobalSection(ExtensibilityGlobals) = postSolution
		SolutionGuid = {45EAC607-05EC-4045-9D92-33077DA4B859}
	EndGlobalSection
EndGlobal
