
Microsoft Visual Studio Solution File, Format Version 12.00
# Visual Studio 15
VisualStudioVersion = 15.0.28307.489
MinimumVisualStudioVersion = 10.0.40219.1
Project("{8BC9CEB8-8B4A-11D0-8D11-00A0C91BC942}") = "do-while", "do-while\do-while.vcxproj", "{0A3448FF-DBA5-4271-A89D-F498937939EA}"
EndProject
Global
	GlobalSection(SolutionConfigurationPlatforms) = preSolution
		Debug|x64 = Debug|x64
		Debug|x86 = Debug|x86
		Release|x64 = Release|x64
		Release|x86 = Release|x86
	EndGlobalSection
	GlobalSection(ProjectConfigurationPlatforms) = postSolution
		{0A3448FF-DBA5-4271-A89D-F498937939EA}.Debug|x64.ActiveCfg = Debug|x64
		{0A3448FF-DBA5-4271-A89D-F498937939EA}.Debug|x64.Build.0 = Debug|x64
		{0A3448FF-DBA5-4271-A89D-F498937939EA}.Debug|x86.ActiveCfg = Debug|Win32
		{0A3448FF-DBA5-4271-A89D-F498937939EA}.Debug|x86.Build.0 = Debug|Win32
		{0A3448FF-DBA5-4271-A89D-F498937939EA}.Release|x64.ActiveCfg = Release|x64
		{0A3448FF-DBA5-4271-A89D-F498937939EA}.Release|x64.Build.0 = Release|x64
		{0A3448FF-DBA5-4271-A89D-F498937939EA}.Release|x86.ActiveCfg = Release|Win32
		{0A3448FF-DBA5-4271-A89D-F498937939EA}.Release|x86.Build.0 = Release|Win32
	EndGlobalSection
	GlobalSection(SolutionProperties) = preSolution
		HideSolutionNode = FALSE
	EndGlobalSection
	GlobalSection(ExtensibilityGlobals) = postSolution
		SolutionGuid = {7D38A478-9011-4448-8BCA-68A72926434B}
	EndGlobalSection
EndGlobal
