
Microsoft Visual Studio Solution File, Format Version 12.00
# Visual Studio 15
VisualStudioVersion = 15.0.28307.489
MinimumVisualStudioVersion = 10.0.40219.1
Project("{8BC9CEB8-8B4A-11D0-8D11-00A0C91BC942}") = "Point3", "Point3\Point3.vcxproj", "{899F1137-6971-4350-9F40-B927DBD7DCBA}"
EndProject
Global
	GlobalSection(SolutionConfigurationPlatforms) = preSolution
		Debug|x64 = Debug|x64
		Debug|x86 = Debug|x86
		Release|x64 = Release|x64
		Release|x86 = Release|x86
	EndGlobalSection
	GlobalSection(ProjectConfigurationPlatforms) = postSolution
		{899F1137-6971-4350-9F40-B927DBD7DCBA}.Debug|x64.ActiveCfg = Debug|x64
		{899F1137-6971-4350-9F40-B927DBD7DCBA}.Debug|x64.Build.0 = Debug|x64
		{899F1137-6971-4350-9F40-B927DBD7DCBA}.Debug|x86.ActiveCfg = Debug|Win32
		{899F1137-6971-4350-9F40-B927DBD7DCBA}.Debug|x86.Build.0 = Debug|Win32
		{899F1137-6971-4350-9F40-B927DBD7DCBA}.Release|x64.ActiveCfg = Release|x64
		{899F1137-6971-4350-9F40-B927DBD7DCBA}.Release|x64.Build.0 = Release|x64
		{899F1137-6971-4350-9F40-B927DBD7DCBA}.Release|x86.ActiveCfg = Release|Win32
		{899F1137-6971-4350-9F40-B927DBD7DCBA}.Release|x86.Build.0 = Release|Win32
	EndGlobalSection
	GlobalSection(SolutionProperties) = preSolution
		HideSolutionNode = FALSE
	EndGlobalSection
	GlobalSection(ExtensibilityGlobals) = postSolution
		SolutionGuid = {91EB3449-D495-403F-ACBE-A4C115357517}
	EndGlobalSection
EndGlobal
