
Microsoft Visual Studio Solution File, Format Version 12.00
# Visual Studio 15
VisualStudioVersion = 15.0.28307.779
MinimumVisualStudioVersion = 10.0.40219.1
Project("{8BC9CEB8-8B4A-11D0-8D11-00A0C91BC942}") = "Practice01", "IBY\IBY.vcxproj", "{7042341F-E07B-45D7-BA55-A4D2F4B318A2}"
EndProject
Project("{8BC9CEB8-8B4A-11D0-8D11-00A0C91BC942}") = "Practice02", "Practice02\Practice02.vcxproj", "{DD60A760-F1C5-4185-8B53-28B7E34512B8}"
EndProject
Project("{8BC9CEB8-8B4A-11D0-8D11-00A0C91BC942}") = "Practice03", "Practice03\Practice03.vcxproj", "{79EAD056-B8F1-470D-8140-3F3F8E93CF2F}"
EndProject
Project("{8BC9CEB8-8B4A-11D0-8D11-00A0C91BC942}") = "A_Test_Field", "dsa\dsa.vcxproj", "{5F38D545-1E29-436A-B1CC-491FE8534A38}"
EndProject
Project("{8BC9CEB8-8B4A-11D0-8D11-00A0C91BC942}") = "Practice04", "Practice04\Practice04.vcxproj", "{2E6662B9-DFD6-4112-A28A-212B862DA93D}"
EndProject
Project("{8BC9CEB8-8B4A-11D0-8D11-00A0C91BC942}") = "Practice05", "Practice05\Practice05.vcxproj", "{94FE2577-62DC-41CA-8268-5EDA4BEF7B5B}"
EndProject
Project("{8BC9CEB8-8B4A-11D0-8D11-00A0C91BC942}") = "Week04-1", "Week04-1\Week04-1.vcxproj", "{815B9368-2A5C-4131-93A0-B37A302317E6}"
EndProject
Project("{8BC9CEB8-8B4A-11D0-8D11-00A0C91BC942}") = "Week04-2", "Week04-2\Week04-2.vcxproj", "{979F7139-9C0C-48CC-BDA3-801D62637C40}"
EndProject
Project("{8BC9CEB8-8B4A-11D0-8D11-00A0C91BC942}") = "week04-3", "week04-3\week04-3.vcxproj", "{BC2C905C-1E6A-4927-92A3-678C7E05B729}"
EndProject
Project("{8BC9CEB8-8B4A-11D0-8D11-00A0C91BC942}") = "Practice(week4)-1", "Practice04-1\Practice04-1.vcxproj", "{7BDD347A-3E20-422C-8949-ADE6D641C06E}"
EndProject
Project("{8BC9CEB8-8B4A-11D0-8D11-00A0C91BC942}") = "Practice(week4)-2", "Practic(week4)-2\Practic(week4)-2.vcxproj", "{8CFFBD48-8F1E-4C89-A8B4-DFC22998CD70}"
EndProject
Project("{8BC9CEB8-8B4A-11D0-8D11-00A0C91BC942}") = "Week04-4", "Week04-4\Week04-4.vcxproj", "{B75C43E9-43AA-49BD-9A28-3E0A2A7FAEFD}"
EndProject
Project("{8BC9CEB8-8B4A-11D0-8D11-00A0C91BC942}") = "Practice(week4)-3", "Practice(week4)-3\Practice(week4)-3.vcxproj", "{4E4A463C-0EEF-4BC6-B937-5819C71038C0}"
EndProject
Project("{8BC9CEB8-8B4A-11D0-8D11-00A0C91BC942}") = "Week04-5", "Week04-5\Week04-5.vcxproj", "{22CAD485-877A-4695-915D-CD60628C656D}"
EndProject
Project("{8BC9CEB8-8B4A-11D0-8D11-00A0C91BC942}") = "Practice(week4)-4", "Practice(week4)-4\Practice(week4)-4.vcxproj", "{39FAAF75-65DA-4FC3-B9B9-E00A22108C60}"
EndProject
Project("{8BC9CEB8-8B4A-11D0-8D11-00A0C91BC942}") = "Practice(week4)-5", "Practice(week4)-5\Practice(week4)-5.vcxproj", "{F216405D-D450-43E9-A5ED-A99D171F0E02}"
EndProject
Project("{8BC9CEB8-8B4A-11D0-8D11-00A0C91BC942}") = "Linux", "Linux\Linux.vcxproj", "{C38DB4BD-5E01-4673-9F7C-E22BCBA26037}"
EndProject
Project("{8BC9CEB8-8B4A-11D0-8D11-00A0C91BC942}") = "Week06-1", "Week06-1\Week06-1.vcxproj", "{28D5D833-32ED-48C6-9C72-F4D1417AC642}"
EndProject
Project("{8BC9CEB8-8B4A-11D0-8D11-00A0C91BC942}") = "Week06-2", "Week06-2\Week06-2.vcxproj", "{875F941E-ECE7-4F8F-8659-51921675101A}"
EndProject
Project("{8BC9CEB8-8B4A-11D0-8D11-00A0C91BC942}") = "Week06-3", "Week06-3\Week06-3.vcxproj", "{938FA341-E0CE-4C3B-AD0A-AB369F759173}"
EndProject
Project("{8BC9CEB8-8B4A-11D0-8D11-00A0C91BC942}") = "week06-4", "week06-4\week06-4.vcxproj", "{D6935487-1EA4-45ED-956D-1C5EA0243797}"
EndProject
Project("{8BC9CEB8-8B4A-11D0-8D11-00A0C91BC942}") = "Week06-5", "Week06-5\Week06-5.vcxproj", "{E05B522C-C61B-43C9-A05F-84B1282B709F}"
EndProject
Project("{8BC9CEB8-8B4A-11D0-8D11-00A0C91BC942}") = "Practice(week6)-1", "WP6-1\WP6-1.vcxproj", "{556C911E-40FE-4161-A830-86BF81FC66D5}"
EndProject
Project("{8BC9CEB8-8B4A-11D0-8D11-00A0C91BC942}") = "Week06-6", "Week06-6\Week06-6.vcxproj", "{018BCE5C-5706-457F-A7A6-E220373666FE}"
EndProject
Project("{8BC9CEB8-8B4A-11D0-8D11-00A0C91BC942}") = "Week06-7", "Week06-7\Week06-7.vcxproj", "{9135C734-74F4-41AD-84A0-5BFB42DB3B3E}"
EndProject
Project("{8BC9CEB8-8B4A-11D0-8D11-00A0C91BC942}") = "Week06-8", "Week06-8\Week06-8.vcxproj", "{A9B707CE-DFBB-4361-B169-6474EEA9D6AD}"
EndProject
Project("{8BC9CEB8-8B4A-11D0-8D11-00A0C91BC942}") = "Practice(week6)-2", "Practice(week6)-2\Practice(week6)-2.vcxproj", "{F35D1C98-FFA5-4795-A4E2-255D10156C56}"
EndProject
Global
	GlobalSection(SolutionConfigurationPlatforms) = preSolution
		Debug|x64 = Debug|x64
		Debug|x86 = Debug|x86
		Release|x64 = Release|x64
		Release|x86 = Release|x86
	EndGlobalSection
	GlobalSection(ProjectConfigurationPlatforms) = postSolution
		{7042341F-E07B-45D7-BA55-A4D2F4B318A2}.Debug|x64.ActiveCfg = Debug|x64
		{7042341F-E07B-45D7-BA55-A4D2F4B318A2}.Debug|x64.Build.0 = Debug|x64
		{7042341F-E07B-45D7-BA55-A4D2F4B318A2}.Debug|x86.ActiveCfg = Debug|Win32
		{7042341F-E07B-45D7-BA55-A4D2F4B318A2}.Debug|x86.Build.0 = Debug|Win32
		{7042341F-E07B-45D7-BA55-A4D2F4B318A2}.Release|x64.ActiveCfg = Release|x64
		{7042341F-E07B-45D7-BA55-A4D2F4B318A2}.Release|x64.Build.0 = Release|x64
		{7042341F-E07B-45D7-BA55-A4D2F4B318A2}.Release|x86.ActiveCfg = Release|Win32
		{7042341F-E07B-45D7-BA55-A4D2F4B318A2}.Release|x86.Build.0 = Release|Win32
		{DD60A760-F1C5-4185-8B53-28B7E34512B8}.Debug|x64.ActiveCfg = Debug|x64
		{DD60A760-F1C5-4185-8B53-28B7E34512B8}.Debug|x64.Build.0 = Debug|x64
		{DD60A760-F1C5-4185-8B53-28B7E34512B8}.Debug|x86.ActiveCfg = Debug|Win32
		{DD60A760-F1C5-4185-8B53-28B7E34512B8}.Debug|x86.Build.0 = Debug|Win32
		{DD60A760-F1C5-4185-8B53-28B7E34512B8}.Release|x64.ActiveCfg = Release|x64
		{DD60A760-F1C5-4185-8B53-28B7E34512B8}.Release|x64.Build.0 = Release|x64
		{DD60A760-F1C5-4185-8B53-28B7E34512B8}.Release|x86.ActiveCfg = Release|Win32
		{DD60A760-F1C5-4185-8B53-28B7E34512B8}.Release|x86.Build.0 = Release|Win32
		{79EAD056-B8F1-470D-8140-3F3F8E93CF2F}.Debug|x64.ActiveCfg = Debug|x64
		{79EAD056-B8F1-470D-8140-3F3F8E93CF2F}.Debug|x64.Build.0 = Debug|x64
		{79EAD056-B8F1-470D-8140-3F3F8E93CF2F}.Debug|x86.ActiveCfg = Debug|Win32
		{79EAD056-B8F1-470D-8140-3F3F8E93CF2F}.Debug|x86.Build.0 = Debug|Win32
		{79EAD056-B8F1-470D-8140-3F3F8E93CF2F}.Release|x64.ActiveCfg = Release|x64
		{79EAD056-B8F1-470D-8140-3F3F8E93CF2F}.Release|x64.Build.0 = Release|x64
		{79EAD056-B8F1-470D-8140-3F3F8E93CF2F}.Release|x86.ActiveCfg = Release|Win32
		{79EAD056-B8F1-470D-8140-3F3F8E93CF2F}.Release|x86.Build.0 = Release|Win32
		{5F38D545-1E29-436A-B1CC-491FE8534A38}.Debug|x64.ActiveCfg = Debug|x64
		{5F38D545-1E29-436A-B1CC-491FE8534A38}.Debug|x64.Build.0 = Debug|x64
		{5F38D545-1E29-436A-B1CC-491FE8534A38}.Debug|x86.ActiveCfg = Debug|Win32
		{5F38D545-1E29-436A-B1CC-491FE8534A38}.Debug|x86.Build.0 = Debug|Win32
		{5F38D545-1E29-436A-B1CC-491FE8534A38}.Release|x64.ActiveCfg = Release|x64
		{5F38D545-1E29-436A-B1CC-491FE8534A38}.Release|x64.Build.0 = Release|x64
		{5F38D545-1E29-436A-B1CC-491FE8534A38}.Release|x86.ActiveCfg = Release|Win32
		{5F38D545-1E29-436A-B1CC-491FE8534A38}.Release|x86.Build.0 = Release|Win32
		{2E6662B9-DFD6-4112-A28A-212B862DA93D}.Debug|x64.ActiveCfg = Debug|x64
		{2E6662B9-DFD6-4112-A28A-212B862DA93D}.Debug|x64.Build.0 = Debug|x64
		{2E6662B9-DFD6-4112-A28A-212B862DA93D}.Debug|x86.ActiveCfg = Debug|Win32
		{2E6662B9-DFD6-4112-A28A-212B862DA93D}.Debug|x86.Build.0 = Debug|Win32
		{2E6662B9-DFD6-4112-A28A-212B862DA93D}.Release|x64.ActiveCfg = Release|x64
		{2E6662B9-DFD6-4112-A28A-212B862DA93D}.Release|x64.Build.0 = Release|x64
		{2E6662B9-DFD6-4112-A28A-212B862DA93D}.Release|x86.ActiveCfg = Release|Win32
		{2E6662B9-DFD6-4112-A28A-212B862DA93D}.Release|x86.Build.0 = Release|Win32
		{94FE2577-62DC-41CA-8268-5EDA4BEF7B5B}.Debug|x64.ActiveCfg = Debug|x64
		{94FE2577-62DC-41CA-8268-5EDA4BEF7B5B}.Debug|x64.Build.0 = Debug|x64
		{94FE2577-62DC-41CA-8268-5EDA4BEF7B5B}.Debug|x86.ActiveCfg = Debug|Win32
		{94FE2577-62DC-41CA-8268-5EDA4BEF7B5B}.Debug|x86.Build.0 = Debug|Win32
		{94FE2577-62DC-41CA-8268-5EDA4BEF7B5B}.Release|x64.ActiveCfg = Release|x64
		{94FE2577-62DC-41CA-8268-5EDA4BEF7B5B}.Release|x64.Build.0 = Release|x64
		{94FE2577-62DC-41CA-8268-5EDA4BEF7B5B}.Release|x86.ActiveCfg = Release|Win32
		{94FE2577-62DC-41CA-8268-5EDA4BEF7B5B}.Release|x86.Build.0 = Release|Win32
		{815B9368-2A5C-4131-93A0-B37A302317E6}.Debug|x64.ActiveCfg = Debug|x64
		{815B9368-2A5C-4131-93A0-B37A302317E6}.Debug|x64.Build.0 = Debug|x64
		{815B9368-2A5C-4131-93A0-B37A302317E6}.Debug|x86.ActiveCfg = Debug|Win32
		{815B9368-2A5C-4131-93A0-B37A302317E6}.Debug|x86.Build.0 = Debug|Win32
		{815B9368-2A5C-4131-93A0-B37A302317E6}.Release|x64.ActiveCfg = Release|x64
		{815B9368-2A5C-4131-93A0-B37A302317E6}.Release|x64.Build.0 = Release|x64
		{815B9368-2A5C-4131-93A0-B37A302317E6}.Release|x86.ActiveCfg = Release|Win32
		{815B9368-2A5C-4131-93A0-B37A302317E6}.Release|x86.Build.0 = Release|Win32
		{979F7139-9C0C-48CC-BDA3-801D62637C40}.Debug|x64.ActiveCfg = Debug|x64
		{979F7139-9C0C-48CC-BDA3-801D62637C40}.Debug|x64.Build.0 = Debug|x64
		{979F7139-9C0C-48CC-BDA3-801D62637C40}.Debug|x86.ActiveCfg = Debug|Win32
		{979F7139-9C0C-48CC-BDA3-801D62637C40}.Debug|x86.Build.0 = Debug|Win32
		{979F7139-9C0C-48CC-BDA3-801D62637C40}.Release|x64.ActiveCfg = Release|x64
		{979F7139-9C0C-48CC-BDA3-801D62637C40}.Release|x64.Build.0 = Release|x64
		{979F7139-9C0C-48CC-BDA3-801D62637C40}.Release|x86.ActiveCfg = Release|Win32
		{979F7139-9C0C-48CC-BDA3-801D62637C40}.Release|x86.Build.0 = Release|Win32
		{BC2C905C-1E6A-4927-92A3-678C7E05B729}.Debug|x64.ActiveCfg = Debug|x64
		{BC2C905C-1E6A-4927-92A3-678C7E05B729}.Debug|x64.Build.0 = Debug|x64
		{BC2C905C-1E6A-4927-92A3-678C7E05B729}.Debug|x86.ActiveCfg = Debug|Win32
		{BC2C905C-1E6A-4927-92A3-678C7E05B729}.Debug|x86.Build.0 = Debug|Win32
		{BC2C905C-1E6A-4927-92A3-678C7E05B729}.Release|x64.ActiveCfg = Release|x64
		{BC2C905C-1E6A-4927-92A3-678C7E05B729}.Release|x64.Build.0 = Release|x64
		{BC2C905C-1E6A-4927-92A3-678C7E05B729}.Release|x86.ActiveCfg = Release|Win32
		{BC2C905C-1E6A-4927-92A3-678C7E05B729}.Release|x86.Build.0 = Release|Win32
		{7BDD347A-3E20-422C-8949-ADE6D641C06E}.Debug|x64.ActiveCfg = Debug|x64
		{7BDD347A-3E20-422C-8949-ADE6D641C06E}.Debug|x64.Build.0 = Debug|x64
		{7BDD347A-3E20-422C-8949-ADE6D641C06E}.Debug|x86.ActiveCfg = Debug|Win32
		{7BDD347A-3E20-422C-8949-ADE6D641C06E}.Debug|x86.Build.0 = Debug|Win32
		{7BDD347A-3E20-422C-8949-ADE6D641C06E}.Release|x64.ActiveCfg = Release|x64
		{7BDD347A-3E20-422C-8949-ADE6D641C06E}.Release|x64.Build.0 = Release|x64
		{7BDD347A-3E20-422C-8949-ADE6D641C06E}.Release|x86.ActiveCfg = Release|Win32
		{7BDD347A-3E20-422C-8949-ADE6D641C06E}.Release|x86.Build.0 = Release|Win32
		{8CFFBD48-8F1E-4C89-A8B4-DFC22998CD70}.Debug|x64.ActiveCfg = Debug|x64
		{8CFFBD48-8F1E-4C89-A8B4-DFC22998CD70}.Debug|x64.Build.0 = Debug|x64
		{8CFFBD48-8F1E-4C89-A8B4-DFC22998CD70}.Debug|x86.ActiveCfg = Debug|Win32
		{8CFFBD48-8F1E-4C89-A8B4-DFC22998CD70}.Debug|x86.Build.0 = Debug|Win32
		{8CFFBD48-8F1E-4C89-A8B4-DFC22998CD70}.Release|x64.ActiveCfg = Release|x64
		{8CFFBD48-8F1E-4C89-A8B4-DFC22998CD70}.Release|x64.Build.0 = Release|x64
		{8CFFBD48-8F1E-4C89-A8B4-DFC22998CD70}.Release|x86.ActiveCfg = Release|Win32
		{8CFFBD48-8F1E-4C89-A8B4-DFC22998CD70}.Release|x86.Build.0 = Release|Win32
		{B75C43E9-43AA-49BD-9A28-3E0A2A7FAEFD}.Debug|x64.ActiveCfg = Debug|x64
		{B75C43E9-43AA-49BD-9A28-3E0A2A7FAEFD}.Debug|x64.Build.0 = Debug|x64
		{B75C43E9-43AA-49BD-9A28-3E0A2A7FAEFD}.Debug|x86.ActiveCfg = Debug|Win32
		{B75C43E9-43AA-49BD-9A28-3E0A2A7FAEFD}.Debug|x86.Build.0 = Debug|Win32
		{B75C43E9-43AA-49BD-9A28-3E0A2A7FAEFD}.Release|x64.ActiveCfg = Release|x64
		{B75C43E9-43AA-49BD-9A28-3E0A2A7FAEFD}.Release|x64.Build.0 = Release|x64
		{B75C43E9-43AA-49BD-9A28-3E0A2A7FAEFD}.Release|x86.ActiveCfg = Release|Win32
		{B75C43E9-43AA-49BD-9A28-3E0A2A7FAEFD}.Release|x86.Build.0 = Release|Win32
		{4E4A463C-0EEF-4BC6-B937-5819C71038C0}.Debug|x64.ActiveCfg = Debug|x64
		{4E4A463C-0EEF-4BC6-B937-5819C71038C0}.Debug|x64.Build.0 = Debug|x64
		{4E4A463C-0EEF-4BC6-B937-5819C71038C0}.Debug|x86.ActiveCfg = Debug|Win32
		{4E4A463C-0EEF-4BC6-B937-5819C71038C0}.Debug|x86.Build.0 = Debug|Win32
		{4E4A463C-0EEF-4BC6-B937-5819C71038C0}.Release|x64.ActiveCfg = Release|x64
		{4E4A463C-0EEF-4BC6-B937-5819C71038C0}.Release|x64.Build.0 = Release|x64
		{4E4A463C-0EEF-4BC6-B937-5819C71038C0}.Release|x86.ActiveCfg = Release|Win32
		{4E4A463C-0EEF-4BC6-B937-5819C71038C0}.Release|x86.Build.0 = Release|Win32
		{22CAD485-877A-4695-915D-CD60628C656D}.Debug|x64.ActiveCfg = Debug|x64
		{22CAD485-877A-4695-915D-CD60628C656D}.Debug|x64.Build.0 = Debug|x64
		{22CAD485-877A-4695-915D-CD60628C656D}.Debug|x86.ActiveCfg = Debug|Win32
		{22CAD485-877A-4695-915D-CD60628C656D}.Debug|x86.Build.0 = Debug|Win32
		{22CAD485-877A-4695-915D-CD60628C656D}.Release|x64.ActiveCfg = Release|x64
		{22CAD485-877A-4695-915D-CD60628C656D}.Release|x64.Build.0 = Release|x64
		{22CAD485-877A-4695-915D-CD60628C656D}.Release|x86.ActiveCfg = Release|Win32
		{22CAD485-877A-4695-915D-CD60628C656D}.Release|x86.Build.0 = Release|Win32
		{39FAAF75-65DA-4FC3-B9B9-E00A22108C60}.Debug|x64.ActiveCfg = Debug|x64
		{39FAAF75-65DA-4FC3-B9B9-E00A22108C60}.Debug|x64.Build.0 = Debug|x64
		{39FAAF75-65DA-4FC3-B9B9-E00A22108C60}.Debug|x86.ActiveCfg = Debug|Win32
		{39FAAF75-65DA-4FC3-B9B9-E00A22108C60}.Debug|x86.Build.0 = Debug|Win32
		{39FAAF75-65DA-4FC3-B9B9-E00A22108C60}.Release|x64.ActiveCfg = Release|x64
		{39FAAF75-65DA-4FC3-B9B9-E00A22108C60}.Release|x64.Build.0 = Release|x64
		{39FAAF75-65DA-4FC3-B9B9-E00A22108C60}.Release|x86.ActiveCfg = Release|Win32
		{39FAAF75-65DA-4FC3-B9B9-E00A22108C60}.Release|x86.Build.0 = Release|Win32
		{F216405D-D450-43E9-A5ED-A99D171F0E02}.Debug|x64.ActiveCfg = Debug|x64
		{F216405D-D450-43E9-A5ED-A99D171F0E02}.Debug|x64.Build.0 = Debug|x64
		{F216405D-D450-43E9-A5ED-A99D171F0E02}.Debug|x86.ActiveCfg = Debug|Win32
		{F216405D-D450-43E9-A5ED-A99D171F0E02}.Debug|x86.Build.0 = Debug|Win32
		{F216405D-D450-43E9-A5ED-A99D171F0E02}.Release|x64.ActiveCfg = Release|x64
		{F216405D-D450-43E9-A5ED-A99D171F0E02}.Release|x64.Build.0 = Release|x64
		{F216405D-D450-43E9-A5ED-A99D171F0E02}.Release|x86.ActiveCfg = Release|Win32
		{F216405D-D450-43E9-A5ED-A99D171F0E02}.Release|x86.Build.0 = Release|Win32
		{C38DB4BD-5E01-4673-9F7C-E22BCBA26037}.Debug|x64.ActiveCfg = Debug|x64
		{C38DB4BD-5E01-4673-9F7C-E22BCBA26037}.Debug|x64.Build.0 = Debug|x64
		{C38DB4BD-5E01-4673-9F7C-E22BCBA26037}.Debug|x86.ActiveCfg = Debug|Win32
		{C38DB4BD-5E01-4673-9F7C-E22BCBA26037}.Debug|x86.Build.0 = Debug|Win32
		{C38DB4BD-5E01-4673-9F7C-E22BCBA26037}.Release|x64.ActiveCfg = Release|x64
		{C38DB4BD-5E01-4673-9F7C-E22BCBA26037}.Release|x64.Build.0 = Release|x64
		{C38DB4BD-5E01-4673-9F7C-E22BCBA26037}.Release|x86.ActiveCfg = Release|Win32
		{C38DB4BD-5E01-4673-9F7C-E22BCBA26037}.Release|x86.Build.0 = Release|Win32
		{28D5D833-32ED-48C6-9C72-F4D1417AC642}.Debug|x64.ActiveCfg = Debug|x64
		{28D5D833-32ED-48C6-9C72-F4D1417AC642}.Debug|x64.Build.0 = Debug|x64
		{28D5D833-32ED-48C6-9C72-F4D1417AC642}.Debug|x86.ActiveCfg = Debug|Win32
		{28D5D833-32ED-48C6-9C72-F4D1417AC642}.Debug|x86.Build.0 = Debug|Win32
		{28D5D833-32ED-48C6-9C72-F4D1417AC642}.Release|x64.ActiveCfg = Release|x64
		{28D5D833-32ED-48C6-9C72-F4D1417AC642}.Release|x64.Build.0 = Release|x64
		{28D5D833-32ED-48C6-9C72-F4D1417AC642}.Release|x86.ActiveCfg = Release|Win32
		{28D5D833-32ED-48C6-9C72-F4D1417AC642}.Release|x86.Build.0 = Release|Win32
		{875F941E-ECE7-4F8F-8659-51921675101A}.Debug|x64.ActiveCfg = Debug|x64
		{875F941E-ECE7-4F8F-8659-51921675101A}.Debug|x64.Build.0 = Debug|x64
		{875F941E-ECE7-4F8F-8659-51921675101A}.Debug|x86.ActiveCfg = Debug|Win32
		{875F941E-ECE7-4F8F-8659-51921675101A}.Debug|x86.Build.0 = Debug|Win32
		{875F941E-ECE7-4F8F-8659-51921675101A}.Release|x64.ActiveCfg = Release|x64
		{875F941E-ECE7-4F8F-8659-51921675101A}.Release|x64.Build.0 = Release|x64
		{875F941E-ECE7-4F8F-8659-51921675101A}.Release|x86.ActiveCfg = Release|Win32
		{875F941E-ECE7-4F8F-8659-51921675101A}.Release|x86.Build.0 = Release|Win32
		{938FA341-E0CE-4C3B-AD0A-AB369F759173}.Debug|x64.ActiveCfg = Debug|x64
		{938FA341-E0CE-4C3B-AD0A-AB369F759173}.Debug|x64.Build.0 = Debug|x64
		{938FA341-E0CE-4C3B-AD0A-AB369F759173}.Debug|x86.ActiveCfg = Debug|Win32
		{938FA341-E0CE-4C3B-AD0A-AB369F759173}.Debug|x86.Build.0 = Debug|Win32
		{938FA341-E0CE-4C3B-AD0A-AB369F759173}.Release|x64.ActiveCfg = Release|x64
		{938FA341-E0CE-4C3B-AD0A-AB369F759173}.Release|x64.Build.0 = Release|x64
		{938FA341-E0CE-4C3B-AD0A-AB369F759173}.Release|x86.ActiveCfg = Release|Win32
		{938FA341-E0CE-4C3B-AD0A-AB369F759173}.Release|x86.Build.0 = Release|Win32
		{D6935487-1EA4-45ED-956D-1C5EA0243797}.Debug|x64.ActiveCfg = Debug|x64
		{D6935487-1EA4-45ED-956D-1C5EA0243797}.Debug|x64.Build.0 = Debug|x64
		{D6935487-1EA4-45ED-956D-1C5EA0243797}.Debug|x86.ActiveCfg = Debug|Win32
		{D6935487-1EA4-45ED-956D-1C5EA0243797}.Debug|x86.Build.0 = Debug|Win32
		{D6935487-1EA4-45ED-956D-1C5EA0243797}.Release|x64.ActiveCfg = Release|x64
		{D6935487-1EA4-45ED-956D-1C5EA0243797}.Release|x64.Build.0 = Release|x64
		{D6935487-1EA4-45ED-956D-1C5EA0243797}.Release|x86.ActiveCfg = Release|Win32
		{D6935487-1EA4-45ED-956D-1C5EA0243797}.Release|x86.Build.0 = Release|Win32
		{E05B522C-C61B-43C9-A05F-84B1282B709F}.Debug|x64.ActiveCfg = Debug|x64
		{E05B522C-C61B-43C9-A05F-84B1282B709F}.Debug|x64.Build.0 = Debug|x64
		{E05B522C-C61B-43C9-A05F-84B1282B709F}.Debug|x86.ActiveCfg = Debug|Win32
		{E05B522C-C61B-43C9-A05F-84B1282B709F}.Debug|x86.Build.0 = Debug|Win32
		{E05B522C-C61B-43C9-A05F-84B1282B709F}.Release|x64.ActiveCfg = Release|x64
		{E05B522C-C61B-43C9-A05F-84B1282B709F}.Release|x64.Build.0 = Release|x64
		{E05B522C-C61B-43C9-A05F-84B1282B709F}.Release|x86.ActiveCfg = Release|Win32
		{E05B522C-C61B-43C9-A05F-84B1282B709F}.Release|x86.Build.0 = Release|Win32
		{556C911E-40FE-4161-A830-86BF81FC66D5}.Debug|x64.ActiveCfg = Debug|x64
		{556C911E-40FE-4161-A830-86BF81FC66D5}.Debug|x64.Build.0 = Debug|x64
		{556C911E-40FE-4161-A830-86BF81FC66D5}.Debug|x86.ActiveCfg = Debug|Win32
		{556C911E-40FE-4161-A830-86BF81FC66D5}.Debug|x86.Build.0 = Debug|Win32
		{556C911E-40FE-4161-A830-86BF81FC66D5}.Release|x64.ActiveCfg = Release|x64
		{556C911E-40FE-4161-A830-86BF81FC66D5}.Release|x64.Build.0 = Release|x64
		{556C911E-40FE-4161-A830-86BF81FC66D5}.Release|x86.ActiveCfg = Release|Win32
		{556C911E-40FE-4161-A830-86BF81FC66D5}.Release|x86.Build.0 = Release|Win32
		{018BCE5C-5706-457F-A7A6-E220373666FE}.Debug|x64.ActiveCfg = Debug|x64
		{018BCE5C-5706-457F-A7A6-E220373666FE}.Debug|x64.Build.0 = Debug|x64
		{018BCE5C-5706-457F-A7A6-E220373666FE}.Debug|x86.ActiveCfg = Debug|Win32
		{018BCE5C-5706-457F-A7A6-E220373666FE}.Debug|x86.Build.0 = Debug|Win32
		{018BCE5C-5706-457F-A7A6-E220373666FE}.Release|x64.ActiveCfg = Release|x64
		{018BCE5C-5706-457F-A7A6-E220373666FE}.Release|x64.Build.0 = Release|x64
		{018BCE5C-5706-457F-A7A6-E220373666FE}.Release|x86.ActiveCfg = Release|Win32
		{018BCE5C-5706-457F-A7A6-E220373666FE}.Release|x86.Build.0 = Release|Win32
		{9135C734-74F4-41AD-84A0-5BFB42DB3B3E}.Debug|x64.ActiveCfg = Debug|x64
		{9135C734-74F4-41AD-84A0-5BFB42DB3B3E}.Debug|x64.Build.0 = Debug|x64
		{9135C734-74F4-41AD-84A0-5BFB42DB3B3E}.Debug|x86.ActiveCfg = Debug|Win32
		{9135C734-74F4-41AD-84A0-5BFB42DB3B3E}.Debug|x86.Build.0 = Debug|Win32
		{9135C734-74F4-41AD-84A0-5BFB42DB3B3E}.Release|x64.ActiveCfg = Release|x64
		{9135C734-74F4-41AD-84A0-5BFB42DB3B3E}.Release|x64.Build.0 = Release|x64
		{9135C734-74F4-41AD-84A0-5BFB42DB3B3E}.Release|x86.ActiveCfg = Release|Win32
		{9135C734-74F4-41AD-84A0-5BFB42DB3B3E}.Release|x86.Build.0 = Release|Win32
		{A9B707CE-DFBB-4361-B169-6474EEA9D6AD}.Debug|x64.ActiveCfg = Debug|x64
		{A9B707CE-DFBB-4361-B169-6474EEA9D6AD}.Debug|x64.Build.0 = Debug|x64
		{A9B707CE-DFBB-4361-B169-6474EEA9D6AD}.Debug|x86.ActiveCfg = Debug|Win32
		{A9B707CE-DFBB-4361-B169-6474EEA9D6AD}.Debug|x86.Build.0 = Debug|Win32
		{A9B707CE-DFBB-4361-B169-6474EEA9D6AD}.Release|x64.ActiveCfg = Release|x64
		{A9B707CE-DFBB-4361-B169-6474EEA9D6AD}.Release|x64.Build.0 = Release|x64
		{A9B707CE-DFBB-4361-B169-6474EEA9D6AD}.Release|x86.ActiveCfg = Release|Win32
		{A9B707CE-DFBB-4361-B169-6474EEA9D6AD}.Release|x86.Build.0 = Release|Win32
		{F35D1C98-FFA5-4795-A4E2-255D10156C56}.Debug|x64.ActiveCfg = Debug|x64
		{F35D1C98-FFA5-4795-A4E2-255D10156C56}.Debug|x64.Build.0 = Debug|x64
		{F35D1C98-FFA5-4795-A4E2-255D10156C56}.Debug|x86.ActiveCfg = Debug|Win32
		{F35D1C98-FFA5-4795-A4E2-255D10156C56}.Debug|x86.Build.0 = Debug|Win32
		{F35D1C98-FFA5-4795-A4E2-255D10156C56}.Release|x64.ActiveCfg = Release|x64
		{F35D1C98-FFA5-4795-A4E2-255D10156C56}.Release|x64.Build.0 = Release|x64
		{F35D1C98-FFA5-4795-A4E2-255D10156C56}.Release|x86.ActiveCfg = Release|Win32
		{F35D1C98-FFA5-4795-A4E2-255D10156C56}.Release|x86.Build.0 = Release|Win32
	EndGlobalSection
	GlobalSection(SolutionProperties) = preSolution
		HideSolutionNode = FALSE
	EndGlobalSection
	GlobalSection(ExtensibilityGlobals) = postSolution
		SolutionGuid = {08F9976A-4073-4E6C-8179-20E582B74169}
	EndGlobalSection
EndGlobal
