
Microsoft Visual Studio Solution File, Format Version 12.00
# Visual Studio 15
VisualStudioVersion = 15.0.28307.489
MinimumVisualStudioVersion = 10.0.40219.1
Project("{8BC9CEB8-8B4A-11D0-8D11-00A0C91BC942}") = "Array1", "Array1\Array1.vcxproj", "{D8ED4636-9F68-4391-B311-9AEB56DD7906}"
EndProject
Global
	GlobalSection(SolutionConfigurationPlatforms) = preSolution
		Debug|x64 = Debug|x64
		Debug|x86 = Debug|x86
		Release|x64 = Release|x64
		Release|x86 = Release|x86
	EndGlobalSection
	GlobalSection(ProjectConfigurationPlatforms) = postSolution
		{D8ED4636-9F68-4391-B311-9AEB56DD7906}.Debug|x64.ActiveCfg = Debug|x64
		{D8ED4636-9F68-4391-B311-9AEB56DD7906}.Debug|x64.Build.0 = Debug|x64
		{D8ED4636-9F68-4391-B311-9AEB56DD7906}.Debug|x86.ActiveCfg = Debug|Win32
		{D8ED4636-9F68-4391-B311-9AEB56DD7906}.Debug|x86.Build.0 = Debug|Win32
		{D8ED4636-9F68-4391-B311-9AEB56DD7906}.Release|x64.ActiveCfg = Release|x64
		{D8ED4636-9F68-4391-B311-9AEB56DD7906}.Release|x64.Build.0 = Release|x64
		{D8ED4636-9F68-4391-B311-9AEB56DD7906}.Release|x86.ActiveCfg = Release|Win32
		{D8ED4636-9F68-4391-B311-9AEB56DD7906}.Release|x86.Build.0 = Release|Win32
	EndGlobalSection
	GlobalSection(SolutionProperties) = preSolution
		HideSolutionNode = FALSE
	EndGlobalSection
	GlobalSection(ExtensibilityGlobals) = postSolution
		SolutionGuid = {3CAFE7B8-90E9-49DE-9289-ED05F6503D8E}
	EndGlobalSection
EndGlobal
