
Microsoft Visual Studio Solution File, Format Version 12.00
# Visual Studio 15
VisualStudioVersion = 15.0.28307.902
MinimumVisualStudioVersion = 10.0.40219.1
Project("{8BC9CEB8-8B4A-11D0-8D11-00A0C91BC942}") = "Project9", "Project9\Project9.vcxproj", "{D7E093D1-940B-46F7-90B0-0945BE09A907}"
EndProject
Project("{8BC9CEB8-8B4A-11D0-8D11-00A0C91BC942}") = "da", "da\da.vcxproj", "{E08D280F-180E-46B5-B4A3-ABBF320306C0}"
EndProject
Project("{8BC9CEB8-8B4A-11D0-8D11-00A0C91BC942}") = "df", "df\df.vcxproj", "{E3C3CDA9-DAA7-4BC6-AD86-0CEE0FF1ECE2}"
EndProject
Global
	GlobalSection(SolutionConfigurationPlatforms) = preSolution
		Debug|x64 = Debug|x64
		Debug|x86 = Debug|x86
		Release|x64 = Release|x64
		Release|x86 = Release|x86
	EndGlobalSection
	GlobalSection(ProjectConfigurationPlatforms) = postSolution
		{D7E093D1-940B-46F7-90B0-0945BE09A907}.Debug|x64.ActiveCfg = Debug|x64
		{D7E093D1-940B-46F7-90B0-0945BE09A907}.Debug|x64.Build.0 = Debug|x64
		{D7E093D1-940B-46F7-90B0-0945BE09A907}.Debug|x86.ActiveCfg = Debug|Win32
		{D7E093D1-940B-46F7-90B0-0945BE09A907}.Debug|x86.Build.0 = Debug|Win32
		{D7E093D1-940B-46F7-90B0-0945BE09A907}.Release|x64.ActiveCfg = Release|x64
		{D7E093D1-940B-46F7-90B0-0945BE09A907}.Release|x64.Build.0 = Release|x64
		{D7E093D1-940B-46F7-90B0-0945BE09A907}.Release|x86.ActiveCfg = Release|Win32
		{D7E093D1-940B-46F7-90B0-0945BE09A907}.Release|x86.Build.0 = Release|Win32
		{E08D280F-180E-46B5-B4A3-ABBF320306C0}.Debug|x64.ActiveCfg = Debug|x64
		{E08D280F-180E-46B5-B4A3-ABBF320306C0}.Debug|x64.Build.0 = Debug|x64
		{E08D280F-180E-46B5-B4A3-ABBF320306C0}.Debug|x86.ActiveCfg = Debug|Win32
		{E08D280F-180E-46B5-B4A3-ABBF320306C0}.Debug|x86.Build.0 = Debug|Win32
		{E08D280F-180E-46B5-B4A3-ABBF320306C0}.Release|x64.ActiveCfg = Release|x64
		{E08D280F-180E-46B5-B4A3-ABBF320306C0}.Release|x64.Build.0 = Release|x64
		{E08D280F-180E-46B5-B4A3-ABBF320306C0}.Release|x86.ActiveCfg = Release|Win32
		{E08D280F-180E-46B5-B4A3-ABBF320306C0}.Release|x86.Build.0 = Release|Win32
		{E3C3CDA9-DAA7-4BC6-AD86-0CEE0FF1ECE2}.Debug|x64.ActiveCfg = Debug|x64
		{E3C3CDA9-DAA7-4BC6-AD86-0CEE0FF1ECE2}.Debug|x64.Build.0 = Debug|x64
		{E3C3CDA9-DAA7-4BC6-AD86-0CEE0FF1ECE2}.Debug|x86.ActiveCfg = Debug|Win32
		{E3C3CDA9-DAA7-4BC6-AD86-0CEE0FF1ECE2}.Debug|x86.Build.0 = Debug|Win32
		{E3C3CDA9-DAA7-4BC6-AD86-0CEE0FF1ECE2}.Release|x64.ActiveCfg = Release|x64
		{E3C3CDA9-DAA7-4BC6-AD86-0CEE0FF1ECE2}.Release|x64.Build.0 = Release|x64
		{E3C3CDA9-DAA7-4BC6-AD86-0CEE0FF1ECE2}.Release|x86.ActiveCfg = Release|Win32
		{E3C3CDA9-DAA7-4BC6-AD86-0CEE0FF1ECE2}.Release|x86.Build.0 = Release|Win32
	EndGlobalSection
	GlobalSection(SolutionProperties) = preSolution
		HideSolutionNode = FALSE
	EndGlobalSection
	GlobalSection(ExtensibilityGlobals) = postSolution
		SolutionGuid = {37931FF7-D0CB-46EE-94D1-9FB9960138A2}
	EndGlobalSection
EndGlobal
